# generated by rye
# use `rye lock` or `rye sync` to update this lockfile
#
# last locked with the following flags:
#   pre: true
#   features: []
#   all-features: false
#   with-sources: false
#   generate-hashes: false
#   universal: false

-e file:.
arcade==3.0.0.dev32
    # via starfield
attrs==24.2.0
    # via pytiled-parser
cffi==1.17.0
    # via pymunk
pillow==10.2.0
    # via arcade
pycparser==2.22
    # via cffi
pyglet==2.1.dev5
    # via arcade
pymunk==6.6.0
    # via arcade
pytiled-parser==2.2.5
    # via arcade
typing-extensions==4.12.2
    # via pytiled-parser
